// !$*UTF8*$!
{
	archiveVersion = 1;
	classes = {
	};
	objectVersion = 56;
	objects = {

/* Begin PBXBuildFile section */
		EE4558EE2B80843A007B8B57 /* AppDelegate.swift in Sources */ = {isa = PBXBuildFile; fileRef = EE4558ED2B80843A007B8B57 /* AppDelegate.swift */; };
		EE4558F02B80843A007B8B57 /* SceneDelegate.swift in Sources */ = {isa = PBXBuildFile; fileRef = EE4558EF2B80843A007B8B57 /* SceneDelegate.swift */; };
		EE4558F22B80843A007B8B57 /* CalculatorVC.swift in Sources */ = {isa = PBXBuildFile; fileRef = EE4558F12B80843A007B8B57 /* CalculatorVC.swift */; };
		EE4558F72B80843C007B8B57 /* Assets.xcassets in Resources */ = {isa = PBXBuildFile; fileRef = EE4558F62B80843C007B8B57 /* Assets.xcassets */; };
		EE4558FA2B80843C007B8B57 /* LaunchScreen.storyboard in Resources */ = {isa = PBXBuildFile; fileRef = EE4558F82B80843C007B8B57 /* LaunchScreen.storyboard */; };
		EE4559032B8084C0007B8B57 /* CombineCocoa in Frameworks */ = {isa = PBXBuildFile; productRef = EE4559022B8084C0007B8B57 /* CombineCocoa */; };
		EE4559062B8084DB007B8B57 /* SnapKit in Frameworks */ = {isa = PBXBuildFile; productRef = EE4559052B8084DB007B8B57 /* SnapKit */; };
		EE45590D2B808DE1007B8B57 /* LogoView.swift in Sources */ = {isa = PBXBuildFile; fileRef = EE45590C2B808DE1007B8B57 /* LogoView.swift */; };
		EE4559112B808FA7007B8B57 /* ResultView.swift in Sources */ = {isa = PBXBuildFile; fileRef = EE4559102B808FA7007B8B57 /* ResultView.swift */; };
		EE4559132B808FC7007B8B57 /* BillInputView.swift in Sources */ = {isa = PBXBuildFile; fileRef = EE4559122B808FC7007B8B57 /* BillInputView.swift */; };
		EE4559152B808FDF007B8B57 /* TipInputView.swift in Sources */ = {isa = PBXBuildFile; fileRef = EE4559142B808FDF007B8B57 /* TipInputView.swift */; };
		EE4559172B808FF1007B8B57 /* SplitInputView.swift in Sources */ = {isa = PBXBuildFile; fileRef = EE4559162B808FF1007B8B57 /* SplitInputView.swift */; };
		EE45591A2B809FAF007B8B57 /* ThemeFont.swift in Sources */ = {isa = PBXBuildFile; fileRef = EE4559192B809FAF007B8B57 /* ThemeFont.swift */; };
		EE45591D2B820042007B8B57 /* LabelFactory.swift in Sources */ = {isa = PBXBuildFile; fileRef = EE45591C2B820042007B8B57 /* LabelFactory.swift */; };
/* End PBXBuildFile section */

/* Begin PBXFileReference section */
		EE4558EA2B80843A007B8B57 /* Tip-calculator.app */ = {isa = PBXFileReference; explicitFileType = wrapper.application; includeInIndex = 0; path = "Tip-calculator.app"; sourceTree = BUILT_PRODUCTS_DIR; };
		EE4558ED2B80843A007B8B57 /* AppDelegate.swift */ = {isa = PBXFileReference; lastKnownFileType = sourcecode.swift; path = AppDelegate.swift; sourceTree = "<group>"; };
		EE4558EF2B80843A007B8B57 /* SceneDelegate.swift */ = {isa = PBXFileReference; lastKnownFileType = sourcecode.swift; path = SceneDelegate.swift; sourceTree = "<group>"; };
		EE4558F12B80843A007B8B57 /* CalculatorVC.swift */ = {isa = PBXFileReference; lastKnownFileType = sourcecode.swift; path = CalculatorVC.swift; sourceTree = "<group>"; };
		EE4558F62B80843C007B8B57 /* Assets.xcassets */ = {isa = PBXFileReference; lastKnownFileType = folder.assetcatalog; path = Assets.xcassets; sourceTree = "<group>"; };
		EE4558F92B80843C007B8B57 /* Base */ = {isa = PBXFileReference; lastKnownFileType = file.storyboard; name = Base; path = Base.lproj/LaunchScreen.storyboard; sourceTree = "<group>"; };
		EE4558FB2B80843C007B8B57 /* Info.plist */ = {isa = PBXFileReference; lastKnownFileType = text.plist.xml; path = Info.plist; sourceTree = "<group>"; };
		EE45590C2B808DE1007B8B57 /* LogoView.swift */ = {isa = PBXFileReference; lastKnownFileType = sourcecode.swift; path = LogoView.swift; sourceTree = "<group>"; };
		EE4559102B808FA7007B8B57 /* ResultView.swift */ = {isa = PBXFileReference; lastKnownFileType = sourcecode.swift; path = ResultView.swift; sourceTree = "<group>"; };
		EE4559122B808FC7007B8B57 /* BillInputView.swift */ = {isa = PBXFileReference; lastKnownFileType = sourcecode.swift; path = BillInputView.swift; sourceTree = "<group>"; };
		EE4559142B808FDF007B8B57 /* TipInputView.swift */ = {isa = PBXFileReference; lastKnownFileType = sourcecode.swift; path = TipInputView.swift; sourceTree = "<group>"; };
		EE4559162B808FF1007B8B57 /* SplitInputView.swift */ = {isa = PBXFileReference; lastKnownFileType = sourcecode.swift; path = SplitInputView.swift; sourceTree = "<group>"; };
		EE4559192B809FAF007B8B57 /* ThemeFont.swift */ = {isa = PBXFileReference; lastKnownFileType = sourcecode.swift; path = ThemeFont.swift; sourceTree = "<group>"; };
		EE45591C2B820042007B8B57 /* LabelFactory.swift */ = {isa = PBXFileReference; lastKnownFileType = sourcecode.swift; path = LabelFactory.swift; sourceTree = "<group>"; };
/* End PBXFileReference section */

/* Begin PBXFrameworksBuildPhase section */
		EE4558E72B80843A007B8B57 /* Frameworks */ = {
			isa = PBXFrameworksBuildPhase;
			buildActionMask = 2147483647;
			files = (
				EE4559032B8084C0007B8B57 /* CombineCocoa in Frameworks */,
				EE4559062B8084DB007B8B57 /* SnapKit in Frameworks */,
			);
			runOnlyForDeploymentPostprocessing = 0;
		};
/* End PBXFrameworksBuildPhase section */

/* Begin PBXGroup section */
		EE4558E12B80843A007B8B57 = {
			isa = PBXGroup;
			children = (
				EE4558EC2B80843A007B8B57 /* Tip-calculator */,
				EE4558EB2B80843A007B8B57 /* Products */,
			);
			sourceTree = "<group>";
		};
		EE4558EB2B80843A007B8B57 /* Products */ = {
			isa = PBXGroup;
			children = (
				EE4558EA2B80843A007B8B57 /* Tip-calculator.app */,
			);
			name = Products;
			sourceTree = "<group>";
		};
		EE4558EC2B80843A007B8B57 /* Tip-calculator */ = {
			isa = PBXGroup;
			children = (
				EE45591B2B81FFF9007B8B57 /* Custom */,
				EE4559182B809F9A007B8B57 /* config */,
				EE4559092B808D86007B8B57 /* Views */,
				EE4558ED2B80843A007B8B57 /* AppDelegate.swift */,
				EE4558EF2B80843A007B8B57 /* SceneDelegate.swift */,
				EE4558F12B80843A007B8B57 /* CalculatorVC.swift */,
				EE4558F62B80843C007B8B57 /* Assets.xcassets */,
				EE4558F82B80843C007B8B57 /* LaunchScreen.storyboard */,
				EE4558FB2B80843C007B8B57 /* Info.plist */,
			);
			path = "Tip-calculator";
			sourceTree = "<group>";
		};
		EE4559092B808D86007B8B57 /* Views */ = {
			isa = PBXGroup;
			children = (
				EE45590C2B808DE1007B8B57 /* LogoView.swift */,
				EE4559102B808FA7007B8B57 /* ResultView.swift */,
				EE4559122B808FC7007B8B57 /* BillInputView.swift */,
				EE4559142B808FDF007B8B57 /* TipInputView.swift */,
				EE4559162B808FF1007B8B57 /* SplitInputView.swift */,
			);
			path = Views;
			sourceTree = "<group>";
		};
		EE4559182B809F9A007B8B57 /* config */ = {
			isa = PBXGroup;
			children = (
				EE4559192B809FAF007B8B57 /* ThemeFont.swift */,
			);
			path = config;
			sourceTree = "<group>";
		};
		EE45591B2B81FFF9007B8B57 /* Custom */ = {
			isa = PBXGroup;
			children = (
				EE45591C2B820042007B8B57 /* LabelFactory.swift */,
			);
			path = Custom;
			sourceTree = "<group>";
		};
/* End PBXGroup section */

/* Begin PBXNativeTarget section */
		EE4558E92B80843A007B8B57 /* Tip-calculator */ = {
			isa = PBXNativeTarget;
			buildConfigurationList = EE4558FE2B80843C007B8B57 /* Build configuration list for PBXNativeTarget "Tip-calculator" */;
			buildPhases = (
				EE4558E62B80843A007B8B57 /* Sources */,
				EE4558E72B80843A007B8B57 /* Frameworks */,
				EE4558E82B80843A007B8B57 /* Resources */,
			);
			buildRules = (
			);
			dependencies = (
			);
			name = "Tip-calculator";
			packageProductDependencies = (
				EE4559022B8084C0007B8B57 /* CombineCocoa */,
				EE4559052B8084DB007B8B57 /* SnapKit */,
			);
			productName = "Tip-calculator";
			productReference = EE4558EA2B80843A007B8B57 /* Tip-calculator.app */;
			productType = "com.apple.product-type.application";
		};
/* End PBXNativeTarget section */

/* Begin PBXProject section */
		EE4558E22B80843A007B8B57 /* Project object */ = {
			isa = PBXProject;
			attributes = {
				BuildIndependentTargetsInParallel = 1;
				LastSwiftUpdateCheck = 1520;
				LastUpgradeCheck = 1520;
				TargetAttributes = {
					EE4558E92B80843A007B8B57 = {
						CreatedOnToolsVersion = 15.2;
					};
				};
			};
			buildConfigurationList = EE4558E52B80843A007B8B57 /* Build configuration list for PBXProject "Tip-calculator" */;
			compatibilityVersion = "Xcode 14.0";
			developmentRegion = en;
			hasScannedForEncodings = 0;
			knownRegions = (
				en,
				Base,
			);
			mainGroup = EE4558E12B80843A007B8B57;
			packageReferences = (
				EE4559012B8084C0007B8B57 /* XCRemoteSwiftPackageReference "CombineCocoa" */,
				EE4559042B8084DB007B8B57 /* XCRemoteSwiftPackageReference "SnapKit" */,
			);
			productRefGroup = EE4558EB2B80843A007B8B57 /* Products */;
			projectDirPath = "";
			projectRoot = "";
			targets = (
				EE4558E92B80843A007B8B57 /* Tip-calculator */,
			);
		};
/* End PBXProject section */

/* Begin PBXResourcesBuildPhase section */
		EE4558E82B80843A007B8B57 /* Resources */ = {
			isa = PBXResourcesBuildPhase;
			buildActionMask = 2147483647;
			files = (
				EE4558FA2B80843C007B8B57 /* LaunchScreen.storyboard in Resources */,
				EE4558F72B80843C007B8B57 /* Assets.xcassets in Resources */,
			);
			runOnlyForDeploymentPostprocessing = 0;
		};
/* End PBXResourcesBuildPhase section */

/* Begin PBXSourcesBuildPhase section */
		EE4558E62B80843A007B8B57 /* Sources */ = {
			isa = PBXSourcesBuildPhase;
			buildActionMask = 2147483647;
			files = (
				EE4558F22B80843A007B8B57 /* CalculatorVC.swift in Sources */,
				EE45590D2B808DE1007B8B57 /* LogoView.swift in Sources */,
				EE4559132B808FC7007B8B57 /* BillInputView.swift in Sources */,
				EE45591D2B820042007B8B57 /* LabelFactory.swift in Sources */,
				EE45591A2B809FAF007B8B57 /* ThemeFont.swift in Sources */,
				EE4559112B808FA7007B8B57 /* ResultView.swift in Sources */,
				EE4558EE2B80843A007B8B57 /* AppDelegate.swift in Sources */,
				EE4558F02B80843A007B8B57 /* SceneDelegate.swift in Sources */,
				EE4559172B808FF1007B8B57 /* SplitInputView.swift in Sources */,
				EE4559152B808FDF007B8B57 /* TipInputView.swift in Sources */,
			);
			runOnlyForDeploymentPostprocessing = 0;
		};
/* End PBXSourcesBuildPhase section */

/* Begin PBXVariantGroup section */
		EE4558F82B80843C007B8B57 /* LaunchScreen.storyboard */ = {
			isa = PBXVariantGroup;
			children = (
				EE4558F92B80843C007B8B57 /* Base */,
			);
			name = LaunchScreen.storyboard;
			sourceTree = "<group>";
		};
/* End PBXVariantGroup section */

/* Begin XCBuildConfiguration section */
		EE4558FC2B80843C007B8B57 /* Debug */ = {
			isa = XCBuildConfiguration;
			buildSettings = {
				ALWAYS_SEARCH_USER_PATHS = NO;
				ASSETCATALOG_COMPILER_GENERATE_SWIFT_ASSET_SYMBOL_EXTENSIONS = YES;
				CLANG_ANALYZER_NONNULL = YES;
				CLANG_ANALYZER_NUMBER_OBJECT_CONVERSION = YES_AGGRESSIVE;
				CLANG_CXX_LANGUAGE_STANDARD = "gnu++20";
				CLANG_ENABLE_MODULES = YES;
				CLANG_ENABLE_OBJC_ARC = YES;
				CLANG_ENABLE_OBJC_WEAK = YES;
				CLANG_WARN_BLOCK_CAPTURE_AUTORELEASING = YES;
				CLANG_WARN_BOOL_CONVERSION = YES;
				CLANG_WARN_COMMA = YES;
				CLANG_WARN_CONSTANT_CONVERSION = YES;
				CLANG_WARN_DEPRECATED_OBJC_IMPLEMENTATIONS = YES;
				CLANG_WARN_DIRECT_OBJC_ISA_USAGE = YES_ERROR;
				CLANG_WARN_DOCUMENTATION_COMMENTS = YES;
				CLANG_WARN_EMPTY_BODY = YES;
				CLANG_WARN_ENUM_CONVERSION = YES;
				CLANG_WARN_INFINITE_RECURSION = YES;
				CLANG_WARN_INT_CONVERSION = YES;
				CLANG_WARN_NON_LITERAL_NULL_CONVERSION = YES;
				CLANG_WARN_OBJC_IMPLICIT_RETAIN_SELF = YES;
				CLANG_WARN_OBJC_LITERAL_CONVERSION = YES;
				CLANG_WARN_OBJC_ROOT_CLASS = YES_ERROR;
				CLANG_WARN_QUOTED_INCLUDE_IN_FRAMEWORK_HEADER = YES;
				CLANG_WARN_RANGE_LOOP_ANALYSIS = YES;
				CLANG_WARN_STRICT_PROTOTYPES = YES;
				CLANG_WARN_SUSPICIOUS_MOVE = YES;
				CLANG_WARN_UNGUARDED_AVAILABILITY = YES_AGGRESSIVE;
				CLANG_WARN_UNREACHABLE_CODE = YES;
				CLANG_WARN__DUPLICATE_METHOD_MATCH = YES;
				COPY_PHASE_STRIP = NO;
				DEBUG_INFORMATION_FORMAT = dwarf;
				ENABLE_STRICT_OBJC_MSGSEND = YES;
				ENABLE_TESTABILITY = YES;
				ENABLE_USER_SCRIPT_SANDBOXING = YES;
				GCC_C_LANGUAGE_STANDARD = gnu17;
				GCC_DYNAMIC_NO_PIC = NO;
				GCC_NO_COMMON_BLOCKS = YES;
				GCC_OPTIMIZATION_LEVEL = 0;
				GCC_PREPROCESSOR_DEFINITIONS = (
					"DEBUG=1",
					"$(inherited)",
				);
				GCC_WARN_64_TO_32_BIT_CONVERSION = YES;
				GCC_WARN_ABOUT_RETURN_TYPE = YES_ERROR;
				GCC_WARN_UNDECLARED_SELECTOR = YES;
				GCC_WARN_UNINITIALIZED_AUTOS = YES_AGGRESSIVE;
				GCC_WARN_UNUSED_FUNCTION = YES;
				GCC_WARN_UNUSED_VARIABLE = YES;
				IPHONEOS_DEPLOYMENT_TARGET = 17.2;
				LOCALIZATION_PREFERS_STRING_CATALOGS = YES;
				MTL_ENABLE_DEBUG_INFO = INCLUDE_SOURCE;
				MTL_FAST_MATH = YES;
				ONLY_ACTIVE_ARCH = YES;
				SDKROOT = iphoneos;
				SWIFT_ACTIVE_COMPILATION_CONDITIONS = "DEBUG $(inherited)";
				SWIFT_OPTIMIZATION_LEVEL = "-Onone";
			};
			name = Debug;
		};
		EE4558FD2B80843C007B8B57 /* Release */ = {
			isa = XCBuildConfiguration;
			buildSettings = {
				ALWAYS_SEARCH_USER_PATHS = NO;
				ASSETCATALOG_COMPILER_GENERATE_SWIFT_ASSET_SYMBOL_EXTENSIONS = YES;
				CLANG_ANALYZER_NONNULL = YES;
				CLANG_ANALYZER_NUMBER_OBJECT_CONVERSION = YES_AGGRESSIVE;
				CLANG_CXX_LANGUAGE_STANDARD = "gnu++20";
				CLANG_ENABLE_MODULES = YES;
				CLANG_ENABLE_OBJC_ARC = YES;
				CLANG_ENABLE_OBJC_WEAK = YES;
				CLANG_WARN_BLOCK_CAPTURE_AUTORELEASING = YES;
				CLANG_WARN_BOOL_CONVERSION = YES;
				CLANG_WARN_COMMA = YES;
				CLANG_WARN_CONSTANT_CONVERSION = YES;
				CLANG_WARN_DEPRECATED_OBJC_IMPLEMENTATIONS = YES;
				CLANG_WARN_DIRECT_OBJC_ISA_USAGE = YES_ERROR;
				CLANG_WARN_DOCUMENTATION_COMMENTS = YES;
				CLANG_WARN_EMPTY_BODY = YES;
				CLANG_WARN_ENUM_CONVERSION = YES;
				CLANG_WARN_INFINITE_RECURSION = YES;
				CLANG_WARN_INT_CONVERSION = YES;
				CLANG_WARN_NON_LITERAL_NULL_CONVERSION = YES;
				CLANG_WARN_OBJC_IMPLICIT_RETAIN_SELF = YES;
				CLANG_WARN_OBJC_LITERAL_CONVERSION = YES;
				CLANG_WARN_OBJC_ROOT_CLASS = YES_ERROR;
				CLANG_WARN_QUOTED_INCLUDE_IN_FRAMEWORK_HEADER = YES;
				CLANG_WARN_RANGE_LOOP_ANALYSIS = YES;
				CLANG_WARN_STRICT_PROTOTYPES = YES;
				CLANG_WARN_SUSPICIOUS_MOVE = YES;
				CLANG_WARN_UNGUARDED_AVAILABILITY = YES_AGGRESSIVE;
				CLANG_WARN_UNREACHABLE_CODE = YES;
				CLANG_WARN__DUPLICATE_METHOD_MATCH = YES;
				COPY_PHASE_STRIP = NO;
				DEBUG_INFORMATION_FORMAT = "dwarf-with-dsym";
				ENABLE_NS_ASSERTIONS = NO;
				ENABLE_STRICT_OBJC_MSGSEND = YES;
				ENABLE_USER_SCRIPT_SANDBOXING = YES;
				GCC_C_LANGUAGE_STANDARD = gnu17;
				GCC_NO_COMMON_BLOCKS = YES;
				GCC_WARN_64_TO_32_BIT_CONVERSION = YES;
				GCC_WARN_ABOUT_RETURN_TYPE = YES_ERROR;
				GCC_WARN_UNDECLARED_SELECTOR = YES;
				GCC_WARN_UNINITIALIZED_AUTOS = YES_AGGRESSIVE;
				GCC_WARN_UNUSED_FUNCTION = YES;
				GCC_WARN_UNUSED_VARIABLE = YES;
				IPHONEOS_DEPLOYMENT_TARGET = 17.2;
				LOCALIZATION_PREFERS_STRING_CATALOGS = YES;
				MTL_ENABLE_DEBUG_INFO = NO;
				MTL_FAST_MATH = YES;
				SDKROOT = iphoneos;
				SWIFT_COMPILATION_MODE = wholemodule;
				VALIDATE_PRODUCT = YES;
			};
			name = Release;
		};
		EE4558FF2B80843C007B8B57 /* Debug */ = {
			isa = XCBuildConfiguration;
			buildSettings = {
				ASSETCATALOG_COMPILER_APPICON_NAME = AppIcon;
				ASSETCATALOG_COMPILER_GLOBAL_ACCENT_COLOR_NAME = AccentColor;
				CODE_SIGN_STYLE = Automatic;
				CURRENT_PROJECT_VERSION = 1;
				GENERATE_INFOPLIST_FILE = YES;
				INFOPLIST_FILE = "Tip-calculator/Info.plist";
				INFOPLIST_KEY_UIApplicationSupportsIndirectInputEvents = YES;
				INFOPLIST_KEY_UILaunchStoryboardName = LaunchScreen;
				INFOPLIST_KEY_UISupportedInterfaceOrientations_iPad = "UIInterfaceOrientationPortrait UIInterfaceOrientationPortraitUpsideDown UIInterfaceOrientationLandscapeLeft UIInterfaceOrientationLandscapeRight";
				INFOPLIST_KEY_UISupportedInterfaceOrientations_iPhone = "UIInterfaceOrientationPortrait UIInterfaceOrientationLandscapeLeft UIInterfaceOrientationLandscapeRight";
				LD_RUNPATH_SEARCH_PATHS = (
					"$(inherited)",
					"@executable_path/Frameworks",
				);
				MARKETING_VERSION = 1.0;
				PRODUCT_BUNDLE_IDENTIFIER = "com.harshit.Tip-calculator";
				PRODUCT_NAME = "$(TARGET_NAME)";
				SWIFT_EMIT_LOC_STRINGS = YES;
				SWIFT_VERSION = 5.0;
				TARGETED_DEVICE_FAMILY = "1,2";
			};
			name = Debug;
		};
		EE4559002B80843C007B8B57 /* Release */ = {
			isa = XCBuildConfiguration;
			buildSettings = {
				ASSETCATALOG_COMPILER_APPICON_NAME = AppIcon;
				ASSETCATALOG_COMPILER_GLOBAL_ACCENT_COLOR_NAME = AccentColor;
				CODE_SIGN_STYLE = Automatic;
				CURRENT_PROJECT_VERSION = 1;
				GENERATE_INFOPLIST_FILE = YES;
				INFOPLIST_FILE = "Tip-calculator/Info.plist";
				INFOPLIST_KEY_UIApplicationSupportsIndirectInputEvents = YES;
				INFOPLIST_KEY_UILaunchStoryboardName = LaunchScreen;
				INFOPLIST_KEY_UISupportedInterfaceOrientations_iPad = "UIInterfaceOrientationPortrait UIInterfaceOrientationPortraitUpsideDown UIInterfaceOrientationLandscapeLeft UIInterfaceOrientationLandscapeRight";
				INFOPLIST_KEY_UISupportedInterfaceOrientations_iPhone = "UIInterfaceOrientationPortrait UIInterfaceOrientationLandscapeLeft UIInterfaceOrientationLandscapeRight";
				LD_RUNPATH_SEARCH_PATHS = (
					"$(inherited)",
					"@executable_path/Frameworks",
				);
				MARKETING_VERSION = 1.0;
				PRODUCT_BUNDLE_IDENTIFIER = "com.harshit.Tip-calculator";
				PRODUCT_NAME = "$(TARGET_NAME)";
				SWIFT_EMIT_LOC_STRINGS = YES;
				SWIFT_VERSION = 5.0;
				TARGETED_DEVICE_FAMILY = "1,2";
			};
			name = Release;
		};
/* End XCBuildConfiguration section */

/* Begin XCConfigurationList section */
		EE4558E52B80843A007B8B57 /* Build configuration list for PBXProject "Tip-calculator" */ = {
			isa = XCConfigurationList;
			buildConfigurations = (
				EE4558FC2B80843C007B8B57 /* Debug */,
				EE4558FD2B80843C007B8B57 /* Release */,
			);
			defaultConfigurationIsVisible = 0;
			defaultConfigurationName = Release;
		};
		EE4558FE2B80843C007B8B57 /* Build configuration list for PBXNativeTarget "Tip-calculator" */ = {
			isa = XCConfigurationList;
			buildConfigurations = (
				EE4558FF2B80843C007B8B57 /* Debug */,
				EE4559002B80843C007B8B57 /* Release */,
			);
			defaultConfigurationIsVisible = 0;
			defaultConfigurationName = Release;
		};
/* End XCConfigurationList section */

/* Begin XCRemoteSwiftPackageReference section */
		EE4559012B8084C0007B8B57 /* XCRemoteSwiftPackageReference "CombineCocoa" */ = {
			isa = XCRemoteSwiftPackageReference;
			repositoryURL = "https://github.com/CombineCommunity/CombineCocoa";
			requirement = {
				kind = upToNextMajorVersion;
				minimumVersion = 0.4.1;
			};
		};
		EE4559042B8084DB007B8B57 /* XCRemoteSwiftPackageReference "SnapKit" */ = {
			isa = XCRemoteSwiftPackageReference;
			repositoryURL = "https://github.com/SnapKit/SnapKit";
			requirement = {
				kind = upToNextMajorVersion;
				minimumVersion = 5.7.0;
			};
		};
/* End XCRemoteSwiftPackageReference section */

/* Begin XCSwiftPackageProductDependency section */
		EE4559022B8084C0007B8B57 /* CombineCocoa */ = {
			isa = XCSwiftPackageProductDependency;
			package = EE4559012B8084C0007B8B57 /* XCRemoteSwiftPackageReference "CombineCocoa" */;
			productName = CombineCocoa;
		};
		EE4559052B8084DB007B8B57 /* SnapKit */ = {
			isa = XCSwiftPackageProductDependency;
			package = EE4559042B8084DB007B8B57 /* XCRemoteSwiftPackageReference "SnapKit" */;
			productName = SnapKit;
		};
/* End XCSwiftPackageProductDependency section */
	};
	rootObject = EE4558E22B80843A007B8B57 /* Project object */;
}
